// !$*UTF8*$!
{
	archiveVersion = 1;
	classes = {
	};
	objectVersion = 46;
	objects = {

/* Begin PBXBuildFile section */
		C636901718FB09B900DD8E2B /* Foundation.framework in Frameworks */ = {isa = PBXBuildFile; fileRef = C636901618FB09B900DD8E2B /* Foundation.framework */; };
		C636901918FB09B900DD8E2B /* CoreGraphics.framework in Frameworks */ = {isa = PBXBuildFile; fileRef = C636901818FB09B900DD8E2B /* CoreGraphics.framework */; };
		C636901B18FB09B900DD8E2B /* UIKit.framework in Frameworks */ = {isa = PBXBuildFile; fileRef = C636901A18FB09B900DD8E2B /* UIKit.framework */; };
		C636902118FB09B900DD8E2B /* InfoPlist.strings in Resources */ = {isa = PBXBuildFile; fileRef = C636901F18FB09B900DD8E2B /* InfoPlist.strings */; };
		C636902318FB09B900DD8E2B /* main.m in Sources */ = {isa = PBXBuildFile; fileRef = C636902218FB09B900DD8E2B /* main.m */; };
		C636902718FB09B900DD8E2B /* AppDelegate.m in Sources */ = {isa = PBXBuildFile; fileRef = C636902618FB09B900DD8E2B /* AppDelegate.m */; };
		C636902918FB09B900DD8E2B /* Images.xcassets in Resources */ = {isa = PBXBuildFile; fileRef = C636902818FB09B900DD8E2B /* Images.xcassets */; };
		C636903018FB09B900DD8E2B /* XCTest.framework in Frameworks */ = {isa = PBXBuildFile; fileRef = C636902F18FB09B900DD8E2B /* XCTest.framework */; };
		C636903118FB09B900DD8E2B /* Foundation.framework in Frameworks */ = {isa = PBXBuildFile; fileRef = C636901618FB09B900DD8E2B /* Foundation.framework */; };
		C636903218FB09B900DD8E2B /* UIKit.framework in Frameworks */ = {isa = PBXBuildFile; fileRef = C636901A18FB09B900DD8E2B /* UIKit.framework */; };
		C636903A18FB09B900DD8E2B /* InfoPlist.strings in Resources */ = {isa = PBXBuildFile; fileRef = C636903818FB09B900DD8E2B /* InfoPlist.strings */; };
		C636903C18FB09B900DD8E2B /* homework_2_1Tests.m in Sources */ = {isa = PBXBuildFile; fileRef = C636903B18FB09B900DD8E2B /* homework_2_1Tests.m */; };
/* End PBXBuildFile section */

/* Begin PBXContainerItemProxy section */
		C636903318FB09B900DD8E2B /* PBXContainerItemProxy */ = {
			isa = PBXContainerItemProxy;
			containerPortal = C636900B18FB09B900DD8E2B /* Project object */;
			proxyType = 1;
			remoteGlobalIDString = C636901218FB09B900DD8E2B;
			remoteInfo = homework_2_1;
		};
/* End PBXContainerItemProxy section */

/* Begin PBXFileReference section */
		C636901318FB09B900DD8E2B /* homework_2_1.app */ = {isa = PBXFileReference; explicitFileType = wrapper.application; includeInIndex = 0; path = homework_2_1.app; sourceTree = BUILT_PRODUCTS_DIR; };
		C636901618FB09B900DD8E2B /* Foundation.framework */ = {isa = PBXFileReference; lastKnownFileType = wrapper.framework; name = Foundation.framework; path = System/Library/Frameworks/Foundation.framework; sourceTree = SDKROOT; };
		C636901818FB09B900DD8E2B /* CoreGraphics.framework */ = {isa = PBXFileReference; lastKnownFileType = wrapper.framework; name = CoreGraphics.framework; path = System/Library/Frameworks/CoreGraphics.framework; sourceTree = SDKROOT; };
		C636901A18FB09B900DD8E2B /* UIKit.framework */ = {isa = PBXFileReference; lastKnownFileType = wrapper.framework; name = UIKit.framework; path = System/Library/Frameworks/UIKit.framework; sourceTree = SDKROOT; };
		C636901E18FB09B900DD8E2B /* homework_2_1-Info.plist */ = {isa = PBXFileReference; lastKnownFileType = text.plist.xml; path = "homework_2_1-Info.plist"; sourceTree = "<group>"; };
		C636902018FB09B900DD8E2B /* en */ = {isa = PBXFileReference; lastKnownFileType = text.plist.strings; name = en; path = en.lproj/InfoPlist.strings; sourceTree = "<group>"; };
		C636902218FB09B900DD8E2B /* main.m */ = {isa = PBXFileReference; lastKnownFileType = sourcecode.c.objc; path = main.m; sourceTree = "<group>"; };
		C636902418FB09B900DD8E2B /* homework_2_1-Prefix.pch */ = {isa = PBXFileReference; lastKnownFileType = sourcecode.c.h; path = "homework_2_1-Prefix.pch"; sourceTree = "<group>"; };
		C636902518FB09B900DD8E2B /* AppDelegate.h */ = {isa = PBXFileReference; lastKnownFileType = sourcecode.c.h; path = AppDelegate.h; sourceTree = "<group>"; };
		C636902618FB09B900DD8E2B /* AppDelegate.m */ = {isa = PBXFileReference; lastKnownFileType = sourcecode.c.objc; path = AppDelegate.m; sourceTree = "<group>"; };
		C636902818FB09B900DD8E2B /* Images.xcassets */ = {isa = PBXFileReference; lastKnownFileType = folder.assetcatalog; path = Images.xcassets; sourceTree = "<group>"; };
		C636902E18FB09B900DD8E2B /* homework_2_1Tests.xctest */ = {isa = PBXFileReference; explicitFileType = wrapper.cfbundle; includeInIndex = 0; path = homework_2_1Tests.xctest; sourceTree = BUILT_PRODUCTS_DIR; };
		C636902F18FB09B900DD8E2B /* XCTest.framework */ = {isa = PBXFileReference; lastKnownFileType = wrapper.framework; name = XCTest.framework; path = Library/Frameworks/XCTest.framework; sourceTree = DEVELOPER_DIR; };
		C636903718FB09B900DD8E2B /* homework_2_1Tests-Info.plist */ = {isa = PBXFileReference; lastKnownFileType = text.plist.xml; path = "homework_2_1Tests-Info.plist"; sourceTree = "<group>"; };
		C636903918FB09B900DD8E2B /* en */ = {isa = PBXFileReference; lastKnownFileType = text.plist.strings; name = en; path = en.lproj/InfoPlist.strings; sourceTree = "<group>"; };
		C636903B18FB09B900DD8E2B /* homework_2_1Tests.m */ = {isa = PBXFileReference; lastKnownFileType = sourcecode.c.objc; path = homework_2_1Tests.m; sourceTree = "<group>"; };
/* End PBXFileReference section */

/* Begin PBXFrameworksBuildPhase section */
		C636901018FB09B900DD8E2B /* Frameworks */ = {
			isa = PBXFrameworksBuildPhase;
			buildActionMask = 2147483647;
			files = (
				C636901918FB09B900DD8E2B /* CoreGraphics.framework in Frameworks */,
				C636901B18FB09B900DD8E2B /* UIKit.framework in Frameworks */,
				C636901718FB09B900DD8E2B /* Foundation.framework in Frameworks */,
			);
			runOnlyForDeploymentPostprocessing = 0;
		};
		C636902B18FB09B900DD8E2B /* Frameworks */ = {
			isa = PBXFrameworksBuildPhase;
			buildActionMask = 2147483647;
			files = (
				C636903018FB09B900DD8E2B /* XCTest.framework in Frameworks */,
				C636903218FB09B900DD8E2B /* UIKit.framework in Frameworks */,
				C636903118FB09B900DD8E2B /* Foundation.framework in Frameworks */,
			);
			runOnlyForDeploymentPostprocessing = 0;
		};
/* End PBXFrameworksBuildPhase section */

/* Begin PBXGroup section */
		C636900A18FB09B900DD8E2B = {
			isa = PBXGroup;
			children = (
				C636901C18FB09B900DD8E2B /* homework_2_1 */,
				C636903518FB09B900DD8E2B /* homework_2_1Tests */,
				C636901518FB09B900DD8E2B /* Frameworks */,
				C636901418FB09B900DD8E2B /* Products */,
			);
			sourceTree = "<group>";
		};
		C636901418FB09B900DD8E2B /* Products */ = {
			isa = PBXGroup;
			children = (
				C636901318FB09B900DD8E2B /* homework_2_1.app */,
				C636902E18FB09B900DD8E2B /* homework_2_1Tests.xctest */,
			);
			name = Products;
			sourceTree = "<group>";
		};
		C636901518FB09B900DD8E2B /* Frameworks */ = {
			isa = PBXGroup;
			children = (
				C636901618FB09B900DD8E2B /* Foundation.framework */,
				C636901818FB09B900DD8E2B /* CoreGraphics.framework */,
				C636901A18FB09B900DD8E2B /* UIKit.framework */,
				C636902F18FB09B900DD8E2B /* XCTest.framework */,
			);
			name = Frameworks;
			sourceTree = "<group>";
		};
		C636901C18FB09B900DD8E2B /* homework_2_1 */ = {
			isa = PBXGroup;
			children = (
				C636902518FB09B900DD8E2B /* AppDelegate.h */,
				C636902618FB09B900DD8E2B /* AppDelegate.m */,
				C636902818FB09B900DD8E2B /* Images.xcassets */,
				C636901D18FB09B900DD8E2B /* Supporting Files */,
			);
			path = homework_2_1;
			sourceTree = "<group>";
		};
		C636901D18FB09B900DD8E2B /* Supporting Files */ = {
			isa = PBXGroup;
			children = (
				C636901E18FB09B900DD8E2B /* homework_2_1-Info.plist */,
				C636901F18FB09B900DD8E2B /* InfoPlist.strings */,
				C636902218FB09B900DD8E2B /* main.m */,
				C636902418FB09B900DD8E2B /* homework_2_1-Prefix.pch */,
			);
			name = "Supporting Files";
			sourceTree = "<group>";
		};
		C636903518FB09B900DD8E2B /* homework_2_1Tests */ = {
			isa = PBXGroup;
			children = (
				C636903B18FB09B900DD8E2B /* homework_2_1Tests.m */,
				C636903618FB09B900DD8E2B /* Supporting Files */,
			);
			path = homework_2_1Tests;
			sourceTree = "<group>";
		};
		C636903618FB09B900DD8E2B /* Supporting Files */ = {
			isa = PBXGroup;
			children = (
				C636903718FB09B900DD8E2B /* homework_2_1Tests-Info.plist */,
				C636903818FB09B900DD8E2B /* InfoPlist.strings */,
			);
			name = "Supporting Files";
			sourceTree = "<group>";
		};
/* End PBXGroup section */

/* Begin PBXNativeTarget section */
		C636901218FB09B900DD8E2B /* homework_2_1 */ = {
			isa = PBXNativeTarget;
			buildConfigurationList = C636903F18FB09B900DD8E2B /* Build configuration list for PBXNativeTarget "homework_2_1" */;
			buildPhases = (
				C636900F18FB09B900DD8E2B /* Sources */,
				C636901018FB09B900DD8E2B /* Frameworks */,
				C636901118FB09B900DD8E2B /* Resources */,
			);
			buildRules = (
			);
			dependencies = (
			);
			name = homework_2_1;
			productName = homework_2_1;
			productReference = C636901318FB09B900DD8E2B /* homework_2_1.app */;
			productType = "com.apple.product-type.application";
		};
		C636902D18FB09B900DD8E2B /* homework_2_1Tests */ = {
			isa = PBXNativeTarget;
			buildConfigurationList = C636904218FB09B900DD8E2B /* Build configuration list for PBXNativeTarget "homework_2_1Tests" */;
			buildPhases = (
				C636902A18FB09B900DD8E2B /* Sources */,
				C636902B18FB09B900DD8E2B /* Frameworks */,
				C636902C18FB09B900DD8E2B /* Resources */,
			);
			buildRules = (
			);
			dependencies = (
				C636903418FB09B900DD8E2B /* PBXTargetDependency */,
			);
			name = homework_2_1Tests;
			productName = homework_2_1Tests;
			productReference = C636902E18FB09B900DD8E2B /* homework_2_1Tests.xctest */;
			productType = "com.apple.product-type.bundle.unit-test";
		};
/* End PBXNativeTarget section */

/* Begin PBXProject section */
		C636900B18FB09B900DD8E2B /* Project object */ = {
			isa = PBXProject;
			attributes = {
				LastUpgradeCheck = 0510;
				ORGANIZATIONNAME = braydencleary;
				TargetAttributes = {
					C636902D18FB09B900DD8E2B = {
						TestTargetID = C636901218FB09B900DD8E2B;
					};
				};
			};
			buildConfigurationList = C636900E18FB09B900DD8E2B /* Build configuration list for PBXProject "homework_2_1" */;
			compatibilityVersion = "Xcode 3.2";
			developmentRegion = English;
			hasScannedForEncodings = 0;
			knownRegions = (
				en,
			);
			mainGroup = C636900A18FB09B900DD8E2B;
			productRefGroup = C636901418FB09B900DD8E2B /* Products */;
			projectDirPath = "";
			projectRoot = "";
			targets = (
				C636901218FB09B900DD8E2B /* homework_2_1 */,
				C636902D18FB09B900DD8E2B /* homework_2_1Tests */,
			);
		};
/* End PBXProject section */

/* Begin PBXResourcesBuildPhase section */
		C636901118FB09B900DD8E2B /* Resources */ = {
			isa = PBXResourcesBuildPhase;
			buildActionMask = 2147483647;
			files = (
				C636902118FB09B900DD8E2B /* InfoPlist.strings in Resources */,
				C636902918FB09B900DD8E2B /* Images.xcassets in Resources */,
			);
			runOnlyForDeploymentPostprocessing = 0;
		};
		C636902C18FB09B900DD8E2B /* Resources */ = {
			isa = PBXResourcesBuildPhase;
			buildActionMask = 2147483647;
			files = (
				C636903A18FB09B900DD8E2B /* InfoPlist.strings in Resources */,
			);
			runOnlyForDeploymentPostprocessing = 0;
		};
/* End PBXResourcesBuildPhase section */

/* Begin PBXSourcesBuildPhase section */
		C636900F18FB09B900DD8E2B /* Sources */ = {
			isa = PBXSourcesBuildPhase;
			buildActionMask = 2147483647;
			files = (
				C636902718FB09B900DD8E2B /* AppDelegate.m in Sources */,
				C636902318FB09B900DD8E2B /* main.m in Sources */,
			);
			runOnlyForDeploymentPostprocessing = 0;
		};
		C636902A18FB09B900DD8E2B /* Sources */ = {
			isa = PBXSourcesBuildPhase;
			buildActionMask = 2147483647;
			files = (
				C636903C18FB09B900DD8E2B /* homework_2_1Tests.m in Sources */,
			);
			runOnlyForDeploymentPostprocessing = 0;
		};
/* End PBXSourcesBuildPhase section */

/* Begin PBXTargetDependency section */
		C636903418FB09B900DD8E2B /* PBXTargetDependency */ = {
			isa = PBXTargetDependency;
			target = C636901218FB09B900DD8E2B /* homework_2_1 */;
			targetProxy = C636903318FB09B900DD8E2B /* PBXContainerItemProxy */;
		};
/* End PBXTargetDependency section */

/* Begin PBXVariantGroup section */
		C636901F18FB09B900DD8E2B /* InfoPlist.strings */ = {
			isa = PBXVariantGroup;
			children = (
				C636902018FB09B900DD8E2B /* en */,
			);
			name = InfoPlist.strings;
			sourceTree = "<group>";
		};
		C636903818FB09B900DD8E2B /* InfoPlist.strings */ = {
			isa = PBXVariantGroup;
			children = (
				C636903918FB09B900DD8E2B /* en */,
			);
			name = InfoPlist.strings;
			sourceTree = "<group>";
		};
/* End PBXVariantGroup section */

/* Begin XCBuildConfiguration section */
		C636903D18FB09B900DD8E2B /* Debug */ = {
			isa = XCBuildConfiguration;
			buildSettings = {
				ALWAYS_SEARCH_USER_PATHS = NO;
				CLANG_CXX_LANGUAGE_STANDARD = "gnu++0x";
				CLANG_CXX_LIBRARY = "libc++";
				CLANG_ENABLE_MODULES = YES;
				CLANG_ENABLE_OBJC_ARC = YES;
				CLANG_WARN_BOOL_CONVERSION = YES;
				CLANG_WARN_CONSTANT_CONVERSION = YES;
				CLANG_WARN_DIRECT_OBJC_ISA_USAGE = YES_ERROR;
				CLANG_WARN_EMPTY_BODY = YES;
				CLANG_WARN_ENUM_CONVERSION = YES;
				CLANG_WARN_INT_CONVERSION = YES;
				CLANG_WARN_OBJC_ROOT_CLASS = YES_ERROR;
				CLANG_WARN__DUPLICATE_METHOD_MATCH = YES;
				"CODE_SIGN_IDENTITY[sdk=iphoneos*]" = "iPhone Developer";
				COPY_PHASE_STRIP = NO;
				GCC_C_LANGUAGE_STANDARD = gnu99;
				GCC_DYNAMIC_NO_PIC = NO;
				GCC_OPTIMIZATION_LEVEL = 0;
				GCC_PREPROCESSOR_DEFINITIONS = (
					"DEBUG=1",
					"$(inherited)",
				);
				GCC_SYMBOLS_PRIVATE_EXTERN = NO;
				GCC_WARN_64_TO_32_BIT_CONVERSION = YES;
				GCC_WARN_ABOUT_RETURN_TYPE = YES_ERROR;
				GCC_WARN_UNDECLARED_SELECTOR = YES;
				GCC_WARN_UNINITIALIZED_AUTOS = YES_AGGRESSIVE;
				GCC_WARN_UNUSED_FUNCTION = YES;
				GCC_WARN_UNUSED_VARIABLE = YES;
				IPHONEOS_DEPLOYMENT_TARGET = 7.1;
				ONLY_ACTIVE_ARCH = YES;
				SDKROOT = iphoneos;
				TARGETED_DEVICE_FAMILY = "1,2";
			};
			name = Debug;
		};
		C636903E18FB09B900DD8E2B /* Release */ = {
			isa = XCBuildConfiguration;
			buildSettings = {
				ALWAYS_SEARCH_USER_PATHS = NO;
				CLANG_CXX_LANGUAGE_STANDARD = "gnu++0x";
				CLANG_CXX_LIBRARY = "libc++";
				CLANG_ENABLE_MODULES = YES;
				CLANG_ENABLE_OBJC_ARC = YES;
				CLANG_WARN_BOOL_CONVERSION = YES;
				CLANG_WARN_CONSTANT_CONVERSION = YES;
				CLANG_WARN_DIRECT_OBJC_ISA_USAGE = YES_ERROR;
				CLANG_WARN_EMPTY_BODY = YES;
				CLANG_WARN_ENUM_CONVERSION = YES;
				CLANG_WARN_INT_CONVERSION = YES;
				CLANG_WARN_OBJC_ROOT_CLASS = YES_ERROR;
				CLANG_WARN__DUPLICATE_METHOD_MATCH = YES;
				"CODE_SIGN_IDENTITY[sdk=iphoneos*]" = "iPhone Developer";
				COPY_PHASE_STRIP = YES;
				ENABLE_NS_ASSERTIONS = NO;
				GCC_C_LANGUAGE_STANDARD = gnu99;
				GCC_WARN_64_TO_32_BIT_CONVERSION = YES;
				GCC_WARN_ABOUT_RETURN_TYPE = YES_ERROR;
				GCC_WARN_UNDECLARED_SELECTOR = YES;
				GCC_WARN_UNINITIALIZED_AUTOS = YES_AGGRESSIVE;
				GCC_WARN_UNUSED_FUNCTION = YES;
				GCC_WARN_UNUSED_VARIABLE = YES;
				IPHONEOS_DEPLOYMENT_TARGET = 7.1;
				SDKROOT = iphoneos;
				TARGETED_DEVICE_FAMILY = "1,2";
				VALIDATE_PRODUCT = YES;
			};
			name = Release;
		};
		C636904018FB09B900DD8E2B /* Debug */ = {
			isa = XCBuildConfiguration;
			buildSettings = {
				ASSETCATALOG_COMPILER_APPICON_NAME = AppIcon;
				ASSETCATALOG_COMPILER_LAUNCHIMAGE_NAME = LaunchImage;
				GCC_PRECOMPILE_PREFIX_HEADER = YES;
				GCC_PREFIX_HEADER = "homework_2_1/homework_2_1-Prefix.pch";
				INFOPLIST_FILE = "homework_2_1/homework_2_1-Info.plist";
				PRODUCT_NAME = "$(TARGET_NAME)";
				WRAPPER_EXTENSION = app;
			};
			name = Debug;
		};
		C636904118FB09B900DD8E2B /* Release */ = {
			isa = XCBuildConfiguration;
			buildSettings = {
				ASSETCATALOG_COMPILER_APPICON_NAME = AppIcon;
				ASSETCATALOG_COMPILER_LAUNCHIMAGE_NAME = LaunchImage;
				GCC_PRECOMPILE_PREFIX_HEADER = YES;
				GCC_PREFIX_HEADER = "homework_2_1/homework_2_1-Prefix.pch";
				INFOPLIST_FILE = "homework_2_1/homework_2_1-Info.plist";
				PRODUCT_NAME = "$(TARGET_NAME)";
				WRAPPER_EXTENSION = app;
			};
			name = Release;
		};
		C636904318FB09B900DD8E2B /* Debug */ = {
			isa = XCBuildConfiguration;
			buildSettings = {
				BUNDLE_LOADER = "$(BUILT_PRODUCTS_DIR)/homework_2_1.app/homework_2_1";
				FRAMEWORK_SEARCH_PATHS = (
					"$(SDKROOT)/Developer/Library/Frameworks",
					"$(inherited)",
					"$(DEVELOPER_FRAMEWORKS_DIR)",
				);
				GCC_PRECOMPILE_PREFIX_HEADER = YES;
				GCC_PREFIX_HEADER = "homework_2_1/homework_2_1-Prefix.pch";
				GCC_PREPROCESSOR_DEFINITIONS = (
					"DEBUG=1",
					"$(inherited)",
				);
				INFOPLIST_FILE = "homework_2_1Tests/homework_2_1Tests-Info.plist";
				PRODUCT_NAME = "$(TARGET_NAME)";
				TEST_HOST = "$(BUNDLE_LOADER)";
				WRAPPER_EXTENSION = xctest;
			};
			name = Debug;
		};
		C636904418FB09B900DD8E2B /* Release */ = {
			isa = XCBuildConfiguration;
			buildSettings = {
				BUNDLE_LOADER = "$(BUILT_PRODUCTS_DIR)/homework_2_1.app/homework_2_1";
				FRAMEWORK_SEARCH_PATHS = (
					"$(SDKROOT)/Developer/Library/Frameworks",
					"$(inherited)",
					"$(DEVELOPER_FRAMEWORKS_DIR)",
				);
				GCC_PRECOMPILE_PREFIX_HEADER = YES;
				GCC_PREFIX_HEADER = "homework_2_1/homework_2_1-Prefix.pch";
				INFOPLIST_FILE = "homework_2_1Tests/homework_2_1Tests-Info.plist";
				PRODUCT_NAME = "$(TARGET_NAME)";
				TEST_HOST = "$(BUNDLE_LOADER)";
				WRAPPER_EXTENSION = xctest;
			};
			name = Release;
		};
/* End XCBuildConfiguration section */

/* Begin XCConfigurationList section */
		C636900E18FB09B900DD8E2B /* Build configuration list for PBXProject "homework_2_1" */ = {
			isa = XCConfigurationList;
			buildConfigurations = (
				C636903D18FB09B900DD8E2B /* Debug */,
				C636903E18FB09B900DD8E2B /* Release */,
			);
			defaultConfigurationIsVisible = 0;
			defaultConfigurationName = Release;
		};
		C636903F18FB09B900DD8E2B /* Build configuration list for PBXNativeTarget "homework_2_1" */ = {
			isa = XCConfigurationList;
			buildConfigurations = (
				C636904018FB09B900DD8E2B /* Debug */,
				C636904118FB09B900DD8E2B /* Release */,
			);
			defaultConfigurationIsVisible = 0;
		};
		C636904218FB09B900DD8E2B /* Build configuration list for PBXNativeTarget "homework_2_1Tests" */ = {
			isa = XCConfigurationList;
			buildConfigurations = (
				C636904318FB09B900DD8E2B /* Debug */,
				C636904418FB09B900DD8E2B /* Release */,
			);
			defaultConfigurationIsVisible = 0;
		};
/* End XCConfigurationList section */
	};
	rootObject = C636900B18FB09B900DD8E2B /* Project object */;
}
